// !$*UTF8*$!
{
	archiveVersion = 1;
	classes = {
	};
	objectVersion = 56;
	objects = {

/* Begin PBXBuildFile section */
		A71750D52B40FA5500BC5128 /* GoogleSignIn in Frameworks */ = {isa = PBXBuildFile; productRef = A71750D42B40FA5500BC5128 /* GoogleSignIn */; };
		A71750D72B40FA5500BC5128 /* GoogleSignInSwift in Frameworks */ = {isa = PBXBuildFile; productRef = A71750D62B40FA5500BC5128 /* GoogleSignInSwift */; };
		A71750D92B40FC2600BC5128 /* credentials.plist in Resources */ = {isa = PBXBuildFile; fileRef = A71750D82B40FC2600BC5128 /* credentials.plist */; };
		A71750DC2B41009600BC5128 /* LaunchScreenViewController.swift in Sources */ = {isa = PBXBuildFile; fileRef = A71750DB2B41009600BC5128 /* LaunchScreenViewController.swift */; };
		A71750DE2B41EF3700BC5128 /* ProfileViewController.swift in Sources */ = {isa = PBXBuildFile; fileRef = A71750DD2B41EF3700BC5128 /* ProfileViewController.swift */; };
		A71750E02B41F6F000BC5128 /* UserData.swift in Sources */ = {isa = PBXBuildFile; fileRef = A71750DF2B41F6F000BC5128 /* UserData.swift */; };
		A71750E22B42290400BC5128 /* GoogleService-Info.plist in Resources */ = {isa = PBXBuildFile; fileRef = A71750E12B42290400BC5128 /* GoogleService-Info.plist */; };
		A71750E52B4229B300BC5128 /* FirebaseAnalytics in Frameworks */ = {isa = PBXBuildFile; productRef = A71750E42B4229B300BC5128 /* FirebaseAnalytics */; };
		A71750E72B4229B300BC5128 /* FirebaseFirestore in Frameworks */ = {isa = PBXBuildFile; productRef = A71750E62B4229B300BC5128 /* FirebaseFirestore */; };
		A71750E92B42309B00BC5128 /* LeaderboardsTableViewController.swift in Sources */ = {isa = PBXBuildFile; fileRef = A71750E82B42309B00BC5128 /* LeaderboardsTableViewController.swift */; };
		A71750EC2B4257CA00BC5128 /* LeaderboardTableViewCell.swift in Sources */ = {isa = PBXBuildFile; fileRef = A71750EA2B4257CA00BC5128 /* LeaderboardTableViewCell.swift */; };
		A71750ED2B4257CA00BC5128 /* LeaderboardTableViewCell.xib in Resources */ = {isa = PBXBuildFile; fileRef = A71750EB2B4257CA00BC5128 /* LeaderboardTableViewCell.xib */; };
		A7D096402B3F502300378E5F /* AppDelegate.swift in Sources */ = {isa = PBXBuildFile; fileRef = A7D0963F2B3F502300378E5F /* AppDelegate.swift */; };
		A7D096422B3F502300378E5F /* SceneDelegate.swift in Sources */ = {isa = PBXBuildFile; fileRef = A7D096412B3F502300378E5F /* SceneDelegate.swift */; };
		A7D096442B3F502300378E5F /* ViewController.swift in Sources */ = {isa = PBXBuildFile; fileRef = A7D096432B3F502300378E5F /* ViewController.swift */; };
		A7D096472B3F502300378E5F /* Main.storyboard in Resources */ = {isa = PBXBuildFile; fileRef = A7D096452B3F502300378E5F /* Main.storyboard */; };
		A7D096492B3F502400378E5F /* Assets.xcassets in Resources */ = {isa = PBXBuildFile; fileRef = A7D096482B3F502400378E5F /* Assets.xcassets */; };
		A7D0964C2B3F502400378E5F /* LaunchScreen.storyboard in Resources */ = {isa = PBXBuildFile; fileRef = A7D0964A2B3F502400378E5F /* LaunchScreen.storyboard */; };
		A7D096572B3F502400378E5F /* GymLeagueTests.swift in Sources */ = {isa = PBXBuildFile; fileRef = A7D096562B3F502400378E5F /* GymLeagueTests.swift */; };
		A7D096612B3F502400378E5F /* GymLeagueUITests.swift in Sources */ = {isa = PBXBuildFile; fileRef = A7D096602B3F502400378E5F /* GymLeagueUITests.swift */; };
		A7D096632B3F502400378E5F /* GymLeagueUITestsLaunchTests.swift in Sources */ = {isa = PBXBuildFile; fileRef = A7D096622B3F502400378E5F /* GymLeagueUITestsLaunchTests.swift */; };
		A7D096712B3F7E5000378E5F /* GooglePlaces in Frameworks */ = {isa = PBXBuildFile; productRef = A7D096702B3F7E5000378E5F /* GooglePlaces */; };
		A7D096752B3F816D00378E5F /* .gitignore in Resources */ = {isa = PBXBuildFile; fileRef = A7D096742B3F816D00378E5F /* .gitignore */; };
		A7D096772B3F81F200378E5F /* Config.swift in Sources */ = {isa = PBXBuildFile; fileRef = A7D096762B3F81F200378E5F /* Config.swift */; };
		A7D096782B3F852400378E5F /* keys.plist in Resources */ = {isa = PBXBuildFile; fileRef = A7D096722B3F808600378E5F /* keys.plist */; };
/* End PBXBuildFile section */

/* Begin PBXContainerItemProxy section */
		A7D096532B3F502400378E5F /* PBXContainerItemProxy */ = {
			isa = PBXContainerItemProxy;
			containerPortal = A7D096342B3F502300378E5F /* Project object */;
			proxyType = 1;
			remoteGlobalIDString = A7D0963B2B3F502300378E5F;
			remoteInfo = GymLeague;
		};
		A7D0965D2B3F502400378E5F /* PBXContainerItemProxy */ = {
			isa = PBXContainerItemProxy;
			containerPortal = A7D096342B3F502300378E5F /* Project object */;
			proxyType = 1;
			remoteGlobalIDString = A7D0963B2B3F502300378E5F;
			remoteInfo = GymLeague;
		};
/* End PBXContainerItemProxy section */

/* Begin PBXFileReference section */
		A71750D82B40FC2600BC5128 /* credentials.plist */ = {isa = PBXFileReference; fileEncoding = 4; lastKnownFileType = text.plist.xml; name = credentials.plist; path = ../../Downloads/credentials.plist; sourceTree = "<group>"; };
		A71750DA2B40FC2D00BC5128 /* credentials.plist */ = {isa = PBXFileReference; lastKnownFileType = text.plist.xml; path = credentials.plist; sourceTree = "<group>"; };
		A71750DB2B41009600BC5128 /* LaunchScreenViewController.swift */ = {isa = PBXFileReference; lastKnownFileType = sourcecode.swift; path = LaunchScreenViewController.swift; sourceTree = "<group>"; };
		A71750DD2B41EF3700BC5128 /* ProfileViewController.swift */ = {isa = PBXFileReference; lastKnownFileType = sourcecode.swift; path = ProfileViewController.swift; sourceTree = "<group>"; };
		A71750DF2B41F6F000BC5128 /* UserData.swift */ = {isa = PBXFileReference; lastKnownFileType = sourcecode.swift; path = UserData.swift; sourceTree = "<group>"; };
		A71750E12B42290400BC5128 /* GoogleService-Info.plist */ = {isa = PBXFileReference; fileEncoding = 4; lastKnownFileType = text.plist.xml; name = "GoogleService-Info.plist"; path = "../../Downloads/GoogleService-Info.plist"; sourceTree = "<group>"; };
		A71750E82B42309B00BC5128 /* LeaderboardsTableViewController.swift */ = {isa = PBXFileReference; lastKnownFileType = sourcecode.swift; path = LeaderboardsTableViewController.swift; sourceTree = "<group>"; };
		A71750EA2B4257CA00BC5128 /* LeaderboardTableViewCell.swift */ = {isa = PBXFileReference; lastKnownFileType = sourcecode.swift; path = LeaderboardTableViewCell.swift; sourceTree = "<group>"; };
		A71750EB2B4257CA00BC5128 /* LeaderboardTableViewCell.xib */ = {isa = PBXFileReference; lastKnownFileType = file.xib; path = LeaderboardTableViewCell.xib; sourceTree = "<group>"; };
		A7D0963C2B3F502300378E5F /* GymLeague.app */ = {isa = PBXFileReference; explicitFileType = wrapper.application; includeInIndex = 0; path = GymLeague.app; sourceTree = BUILT_PRODUCTS_DIR; };
		A7D0963F2B3F502300378E5F /* AppDelegate.swift */ = {isa = PBXFileReference; lastKnownFileType = sourcecode.swift; path = AppDelegate.swift; sourceTree = "<group>"; };
		A7D096412B3F502300378E5F /* SceneDelegate.swift */ = {isa = PBXFileReference; lastKnownFileType = sourcecode.swift; path = SceneDelegate.swift; sourceTree = "<group>"; };
		A7D096432B3F502300378E5F /* ViewController.swift */ = {isa = PBXFileReference; lastKnownFileType = sourcecode.swift; path = ViewController.swift; sourceTree = "<group>"; };
		A7D096462B3F502300378E5F /* Base */ = {isa = PBXFileReference; lastKnownFileType = file.storyboard; name = Base; path = Base.lproj/Main.storyboard; sourceTree = "<group>"; };
		A7D096482B3F502400378E5F /* Assets.xcassets */ = {isa = PBXFileReference; lastKnownFileType = folder.assetcatalog; path = Assets.xcassets; sourceTree = "<group>"; };
		A7D0964B2B3F502400378E5F /* Base */ = {isa = PBXFileReference; lastKnownFileType = file.storyboard; name = Base; path = Base.lproj/LaunchScreen.storyboard; sourceTree = "<group>"; };
		A7D0964D2B3F502400378E5F /* Info.plist */ = {isa = PBXFileReference; lastKnownFileType = text.plist.xml; path = Info.plist; sourceTree = "<group>"; };
		A7D096522B3F502400378E5F /* GymLeagueTests.xctest */ = {isa = PBXFileReference; explicitFileType = wrapper.cfbundle; includeInIndex = 0; path = GymLeagueTests.xctest; sourceTree = BUILT_PRODUCTS_DIR; };
		A7D096562B3F502400378E5F /* GymLeagueTests.swift */ = {isa = PBXFileReference; lastKnownFileType = sourcecode.swift; path = GymLeagueTests.swift; sourceTree = "<group>"; };
		A7D0965C2B3F502400378E5F /* GymLeagueUITests.xctest */ = {isa = PBXFileReference; explicitFileType = wrapper.cfbundle; includeInIndex = 0; path = GymLeagueUITests.xctest; sourceTree = BUILT_PRODUCTS_DIR; };
		A7D096602B3F502400378E5F /* GymLeagueUITests.swift */ = {isa = PBXFileReference; lastKnownFileType = sourcecode.swift; path = GymLeagueUITests.swift; sourceTree = "<group>"; };
		A7D096622B3F502400378E5F /* GymLeagueUITestsLaunchTests.swift */ = {isa = PBXFileReference; lastKnownFileType = sourcecode.swift; path = GymLeagueUITestsLaunchTests.swift; sourceTree = "<group>"; };
		A7D096722B3F808600378E5F /* keys.plist */ = {isa = PBXFileReference; lastKnownFileType = text.plist.xml; path = keys.plist; sourceTree = "<group>"; };
		A7D096742B3F816D00378E5F /* .gitignore */ = {isa = PBXFileReference; lastKnownFileType = text; path = .gitignore; sourceTree = "<group>"; };
		A7D096762B3F81F200378E5F /* Config.swift */ = {isa = PBXFileReference; lastKnownFileType = sourcecode.swift; path = Config.swift; sourceTree = "<group>"; };
/* End PBXFileReference section */

/* Begin PBXFrameworksBuildPhase section */
		A7D096392B3F502300378E5F /* Frameworks */ = {
			isa = PBXFrameworksBuildPhase;
			buildActionMask = 2147483647;
			files = (
				A71750D72B40FA5500BC5128 /* GoogleSignInSwift in Frameworks */,
				A7D096712B3F7E5000378E5F /* GooglePlaces in Frameworks */,
				A71750E52B4229B300BC5128 /* FirebaseAnalytics in Frameworks */,
				A71750E72B4229B300BC5128 /* FirebaseFirestore in Frameworks */,
				A71750D52B40FA5500BC5128 /* GoogleSignIn in Frameworks */,
			);
			runOnlyForDeploymentPostprocessing = 0;
		};
		A7D0964F2B3F502400378E5F /* Frameworks */ = {
			isa = PBXFrameworksBuildPhase;
			buildActionMask = 2147483647;
			files = (
			);
			runOnlyForDeploymentPostprocessing = 0;
		};
		A7D096592B3F502400378E5F /* Frameworks */ = {
			isa = PBXFrameworksBuildPhase;
			buildActionMask = 2147483647;
			files = (
			);
			runOnlyForDeploymentPostprocessing = 0;
		};
/* End PBXFrameworksBuildPhase section */

/* Begin PBXGroup section */
		A7D096332B3F502300378E5F = {
			isa = PBXGroup;
			children = (
				A71750E12B42290400BC5128 /* GoogleService-Info.plist */,
				A71750D82B40FC2600BC5128 /* credentials.plist */,
				A7D096742B3F816D00378E5F /* .gitignore */,
				A7D0963E2B3F502300378E5F /* GymLeague */,
				A7D096552B3F502400378E5F /* GymLeagueTests */,
				A7D0965F2B3F502400378E5F /* GymLeagueUITests */,
				A7D0963D2B3F502300378E5F /* Products */,
			);
			sourceTree = "<group>";
		};
		A7D0963D2B3F502300378E5F /* Products */ = {
			isa = PBXGroup;
			children = (
				A7D0963C2B3F502300378E5F /* GymLeague.app */,
				A7D096522B3F502400378E5F /* GymLeagueTests.xctest */,
				A7D0965C2B3F502400378E5F /* GymLeagueUITests.xctest */,
			);
			name = Products;
			sourceTree = "<group>";
		};
		A7D0963E2B3F502300378E5F /* GymLeague */ = {
			isa = PBXGroup;
			children = (
				A7D0963F2B3F502300378E5F /* AppDelegate.swift */,
				A7D096762B3F81F200378E5F /* Config.swift */,
				A7D096412B3F502300378E5F /* SceneDelegate.swift */,
				A71750DF2B41F6F000BC5128 /* UserData.swift */,
				A71750DB2B41009600BC5128 /* LaunchScreenViewController.swift */,
				A7D096452B3F502300378E5F /* Main.storyboard */,
				A71750DD2B41EF3700BC5128 /* ProfileViewController.swift */,
				A7D096432B3F502300378E5F /* ViewController.swift */,
				A71750E82B42309B00BC5128 /* LeaderboardsTableViewController.swift */,
				A71750EA2B4257CA00BC5128 /* LeaderboardTableViewCell.swift */,
				A71750EB2B4257CA00BC5128 /* LeaderboardTableViewCell.xib */,
				A7D096482B3F502400378E5F /* Assets.xcassets */,
				A7D0964A2B3F502400378E5F /* LaunchScreen.storyboard */,
				A7D0964D2B3F502400378E5F /* Info.plist */,
				A7D096722B3F808600378E5F /* keys.plist */,
				A71750DA2B40FC2D00BC5128 /* credentials.plist */,
			);
			path = GymLeague;
			sourceTree = "<group>";
		};
		A7D096552B3F502400378E5F /* GymLeagueTests */ = {
			isa = PBXGroup;
			children = (
				A7D096562B3F502400378E5F /* GymLeagueTests.swift */,
			);
			path = GymLeagueTests;
			sourceTree = "<group>";
		};
		A7D0965F2B3F502400378E5F /* GymLeagueUITests */ = {
			isa = PBXGroup;
			children = (
				A7D096602B3F502400378E5F /* GymLeagueUITests.swift */,
				A7D096622B3F502400378E5F /* GymLeagueUITestsLaunchTests.swift */,
			);
			path = GymLeagueUITests;
			sourceTree = "<group>";
		};
/* End PBXGroup section */

/* Begin PBXNativeTarget section */
		A7D0963B2B3F502300378E5F /* GymLeague */ = {
			isa = PBXNativeTarget;
			buildConfigurationList = A7D096662B3F502400378E5F /* Build configuration list for PBXNativeTarget "GymLeague" */;
			buildPhases = (
				A7D096382B3F502300378E5F /* Sources */,
				A7D096392B3F502300378E5F /* Frameworks */,
				A7D0963A2B3F502300378E5F /* Resources */,
			);
			buildRules = (
			);
			dependencies = (
			);
			name = GymLeague;
			packageProductDependencies = (
				A7D096702B3F7E5000378E5F /* GooglePlaces */,
				A71750D42B40FA5500BC5128 /* GoogleSignIn */,
				A71750D62B40FA5500BC5128 /* GoogleSignInSwift */,
				A71750E42B4229B300BC5128 /* FirebaseAnalytics */,
				A71750E62B4229B300BC5128 /* FirebaseFirestore */,
			);
			productName = GymLeague;
			productReference = A7D0963C2B3F502300378E5F /* GymLeague.app */;
			productType = "com.apple.product-type.application";
		};
		A7D096512B3F502400378E5F /* GymLeagueTests */ = {
			isa = PBXNativeTarget;
			buildConfigurationList = A7D096692B3F502400378E5F /* Build configuration list for PBXNativeTarget "GymLeagueTests" */;
			buildPhases = (
				A7D0964E2B3F502400378E5F /* Sources */,
				A7D0964F2B3F502400378E5F /* Frameworks */,
				A7D096502B3F502400378E5F /* Resources */,
			);
			buildRules = (
			);
			dependencies = (
				A7D096542B3F502400378E5F /* PBXTargetDependency */,
			);
			name = GymLeagueTests;
			productName = GymLeagueTests;
			productReference = A7D096522B3F502400378E5F /* GymLeagueTests.xctest */;
			productType = "com.apple.product-type.bundle.unit-test";
		};
		A7D0965B2B3F502400378E5F /* GymLeagueUITests */ = {
			isa = PBXNativeTarget;
			buildConfigurationList = A7D0966C2B3F502400378E5F /* Build configuration list for PBXNativeTarget "GymLeagueUITests" */;
			buildPhases = (
				A7D096582B3F502400378E5F /* Sources */,
				A7D096592B3F502400378E5F /* Frameworks */,
				A7D0965A2B3F502400378E5F /* Resources */,
			);
			buildRules = (
			);
			dependencies = (
				A7D0965E2B3F502400378E5F /* PBXTargetDependency */,
			);
			name = GymLeagueUITests;
			productName = GymLeagueUITests;
			productReference = A7D0965C2B3F502400378E5F /* GymLeagueUITests.xctest */;
			productType = "com.apple.product-type.bundle.ui-testing";
		};
/* End PBXNativeTarget section */

/* Begin PBXProject section */
		A7D096342B3F502300378E5F /* Project object */ = {
			isa = PBXProject;
			attributes = {
				BuildIndependentTargetsInParallel = 1;
				LastSwiftUpdateCheck = 1430;
				LastUpgradeCheck = 1430;
				TargetAttributes = {
					A7D0963B2B3F502300378E5F = {
						CreatedOnToolsVersion = 14.3.1;
					};
					A7D096512B3F502400378E5F = {
						CreatedOnToolsVersion = 14.3.1;
						TestTargetID = A7D0963B2B3F502300378E5F;
					};
					A7D0965B2B3F502400378E5F = {
						CreatedOnToolsVersion = 14.3.1;
						TestTargetID = A7D0963B2B3F502300378E5F;
					};
				};
			};
			buildConfigurationList = A7D096372B3F502300378E5F /* Build configuration list for PBXProject "GymLeague" */;
			compatibilityVersion = "Xcode 14.0";
			developmentRegion = en;
			hasScannedForEncodings = 0;
			knownRegions = (
				en,
				Base,
			);
			mainGroup = A7D096332B3F502300378E5F;
			packageReferences = (
				A7D0966F2B3F7E5000378E5F /* XCRemoteSwiftPackageReference "ios-places-sdk" */,
				A71750D32B40FA5500BC5128 /* XCRemoteSwiftPackageReference "GoogleSignIn-iOS" */,
				A71750E32B4229B300BC5128 /* XCRemoteSwiftPackageReference "firebase-ios-sdk" */,
			);
			productRefGroup = A7D0963D2B3F502300378E5F /* Products */;
			projectDirPath = "";
			projectRoot = "";
			targets = (
				A7D0963B2B3F502300378E5F /* GymLeague */,
				A7D096512B3F502400378E5F /* GymLeagueTests */,
				A7D0965B2B3F502400378E5F /* GymLeagueUITests */,
			);
		};
/* End PBXProject section */

/* Begin PBXResourcesBuildPhase section */
		A7D0963A2B3F502300378E5F /* Resources */ = {
			isa = PBXResourcesBuildPhase;
			buildActionMask = 2147483647;
			files = (
				A7D096782B3F852400378E5F /* keys.plist in Resources */,
				A71750D92B40FC2600BC5128 /* credentials.plist in Resources */,
				A7D096752B3F816D00378E5F /* .gitignore in Resources */,
				A7D0964C2B3F502400378E5F /* LaunchScreen.storyboard in Resources */,
				A7D096492B3F502400378E5F /* Assets.xcassets in Resources */,
				A71750ED2B4257CA00BC5128 /* LeaderboardTableViewCell.xib in Resources */,
				A7D096472B3F502300378E5F /* Main.storyboard in Resources */,
				A71750E22B42290400BC5128 /* GoogleService-Info.plist in Resources */,
			);
			runOnlyForDeploymentPostprocessing = 0;
		};
		A7D096502B3F502400378E5F /* Resources */ = {
			isa = PBXResourcesBuildPhase;
			buildActionMask = 2147483647;
			files = (
			);
			runOnlyForDeploymentPostprocessing = 0;
		};
		A7D0965A2B3F502400378E5F /* Resources */ = {
			isa = PBXResourcesBuildPhase;
			buildActionMask = 2147483647;
			files = (
			);
			runOnlyForDeploymentPostprocessing = 0;
		};
/* End PBXResourcesBuildPhase section */

/* Begin PBXSourcesBuildPhase section */
		A7D096382B3F502300378E5F /* Sources */ = {
			isa = PBXSourcesBuildPhase;
			buildActionMask = 2147483647;
			files = (
				A71750EC2B4257CA00BC5128 /* LeaderboardTableViewCell.swift in Sources */,
				A71750DE2B41EF3700BC5128 /* ProfileViewController.swift in Sources */,
				A7D096442B3F502300378E5F /* ViewController.swift in Sources */,
				A71750E02B41F6F000BC5128 /* UserData.swift in Sources */,
				A7D096772B3F81F200378E5F /* Config.swift in Sources */,
				A7D096402B3F502300378E5F /* AppDelegate.swift in Sources */,
				A71750DC2B41009600BC5128 /* LaunchScreenViewController.swift in Sources */,
				A7D096422B3F502300378E5F /* SceneDelegate.swift in Sources */,
				A71750E92B42309B00BC5128 /* LeaderboardsTableViewController.swift in Sources */,
			);
			runOnlyForDeploymentPostprocessing = 0;
		};
		A7D0964E2B3F502400378E5F /* Sources */ = {
			isa = PBXSourcesBuildPhase;
			buildActionMask = 2147483647;
			files = (
				A7D096572B3F502400378E5F /* GymLeagueTests.swift in Sources */,
			);
			runOnlyForDeploymentPostprocessing = 0;
		};
		A7D096582B3F502400378E5F /* Sources */ = {
			isa = PBXSourcesBuildPhase;
			buildActionMask = 2147483647;
			files = (
				A7D096612B3F502400378E5F /* GymLeagueUITests.swift in Sources */,
				A7D096632B3F502400378E5F /* GymLeagueUITestsLaunchTests.swift in Sources */,
			);
			runOnlyForDeploymentPostprocessing = 0;
		};
/* End PBXSourcesBuildPhase section */

/* Begin PBXTargetDependency section */
		A7D096542B3F502400378E5F /* PBXTargetDependency */ = {
			isa = PBXTargetDependency;
			target = A7D0963B2B3F502300378E5F /* GymLeague */;
			targetProxy = A7D096532B3F502400378E5F /* PBXContainerItemProxy */;
		};
		A7D0965E2B3F502400378E5F /* PBXTargetDependency */ = {
			isa = PBXTargetDependency;
			target = A7D0963B2B3F502300378E5F /* GymLeague */;
			targetProxy = A7D0965D2B3F502400378E5F /* PBXContainerItemProxy */;
		};
/* End PBXTargetDependency section */

/* Begin PBXVariantGroup section */
		A7D096452B3F502300378E5F /* Main.storyboard */ = {
			isa = PBXVariantGroup;
			children = (
				A7D096462B3F502300378E5F /* Base */,
			);
			name = Main.storyboard;
			sourceTree = "<group>";
		};
		A7D0964A2B3F502400378E5F /* LaunchScreen.storyboard */ = {
			isa = PBXVariantGroup;
			children = (
				A7D0964B2B3F502400378E5F /* Base */,
			);
			name = LaunchScreen.storyboard;
			sourceTree = "<group>";
		};
/* End PBXVariantGroup section */

/* Begin XCBuildConfiguration section */
		A7D096642B3F502400378E5F /* Debug */ = {
			isa = XCBuildConfiguration;
			buildSettings = {
				ALWAYS_SEARCH_USER_PATHS = NO;
				CLANG_ANALYZER_NONNULL = YES;
				CLANG_ANALYZER_NUMBER_OBJECT_CONVERSION = YES_AGGRESSIVE;
				CLANG_CXX_LANGUAGE_STANDARD = "gnu++20";
				CLANG_ENABLE_MODULES = YES;
				CLANG_ENABLE_OBJC_ARC = YES;
				CLANG_ENABLE_OBJC_WEAK = YES;
				CLANG_WARN_BLOCK_CAPTURE_AUTORELEASING = YES;
				CLANG_WARN_BOOL_CONVERSION = YES;
				CLANG_WARN_COMMA = YES;
				CLANG_WARN_CONSTANT_CONVERSION = YES;
				CLANG_WARN_DEPRECATED_OBJC_IMPLEMENTATIONS = YES;
				CLANG_WARN_DIRECT_OBJC_ISA_USAGE = YES_ERROR;
				CLANG_WARN_DOCUMENTATION_COMMENTS = YES;
				CLANG_WARN_EMPTY_BODY = YES;
				CLANG_WARN_ENUM_CONVERSION = YES;
				CLANG_WARN_INFINITE_RECURSION = YES;
				CLANG_WARN_INT_CONVERSION = YES;
				CLANG_WARN_NON_LITERAL_NULL_CONVERSION = YES;
				CLANG_WARN_OBJC_IMPLICIT_RETAIN_SELF = YES;
				CLANG_WARN_OBJC_LITERAL_CONVERSION = YES;
				CLANG_WARN_OBJC_ROOT_CLASS = YES_ERROR;
				CLANG_WARN_QUOTED_INCLUDE_IN_FRAMEWORK_HEADER = YES;
				CLANG_WARN_RANGE_LOOP_ANALYSIS = YES;
				CLANG_WARN_STRICT_PROTOTYPES = YES;
				CLANG_WARN_SUSPICIOUS_MOVE = YES;
				CLANG_WARN_UNGUARDED_AVAILABILITY = YES_AGGRESSIVE;
				CLANG_WARN_UNREACHABLE_CODE = YES;
				CLANG_WARN__DUPLICATE_METHOD_MATCH = YES;
				COPY_PHASE_STRIP = NO;
				DEBUG_INFORMATION_FORMAT = dwarf;
				ENABLE_STRICT_OBJC_MSGSEND = YES;
				ENABLE_TESTABILITY = YES;
				GCC_C_LANGUAGE_STANDARD = gnu11;
				GCC_DYNAMIC_NO_PIC = NO;
				GCC_NO_COMMON_BLOCKS = YES;
				GCC_OPTIMIZATION_LEVEL = 0;
				GCC_PREPROCESSOR_DEFINITIONS = (
					"DEBUG=1",
					"$(inherited)",
				);
				GCC_WARN_64_TO_32_BIT_CONVERSION = YES;
				GCC_WARN_ABOUT_RETURN_TYPE = YES_ERROR;
				GCC_WARN_UNDECLARED_SELECTOR = YES;
				GCC_WARN_UNINITIALIZED_AUTOS = YES_AGGRESSIVE;
				GCC_WARN_UNUSED_FUNCTION = YES;
				GCC_WARN_UNUSED_VARIABLE = YES;
				IPHONEOS_DEPLOYMENT_TARGET = 16.4;
				MTL_ENABLE_DEBUG_INFO = INCLUDE_SOURCE;
				MTL_FAST_MATH = YES;
				ONLY_ACTIVE_ARCH = YES;
				SDKROOT = iphoneos;
				SWIFT_ACTIVE_COMPILATION_CONDITIONS = DEBUG;
				SWIFT_OPTIMIZATION_LEVEL = "-Onone";
			};
			name = Debug;
		};
		A7D096652B3F502400378E5F /* Release */ = {
			isa = XCBuildConfiguration;
			buildSettings = {
				ALWAYS_SEARCH_USER_PATHS = NO;
				CLANG_ANALYZER_NONNULL = YES;
				CLANG_ANALYZER_NUMBER_OBJECT_CONVERSION = YES_AGGRESSIVE;
				CLANG_CXX_LANGUAGE_STANDARD = "gnu++20";
				CLANG_ENABLE_MODULES = YES;
				CLANG_ENABLE_OBJC_ARC = YES;
				CLANG_ENABLE_OBJC_WEAK = YES;
				CLANG_WARN_BLOCK_CAPTURE_AUTORELEASING = YES;
				CLANG_WARN_BOOL_CONVERSION = YES;
				CLANG_WARN_COMMA = YES;
				CLANG_WARN_CONSTANT_CONVERSION = YES;
				CLANG_WARN_DEPRECATED_OBJC_IMPLEMENTATIONS = YES;
				CLANG_WARN_DIRECT_OBJC_ISA_USAGE = YES_ERROR;
				CLANG_WARN_DOCUMENTATION_COMMENTS = YES;
				CLANG_WARN_EMPTY_BODY = YES;
				CLANG_WARN_ENUM_CONVERSION = YES;
				CLANG_WARN_INFINITE_RECURSION = YES;
				CLANG_WARN_INT_CONVERSION = YES;
				CLANG_WARN_NON_LITERAL_NULL_CONVERSION = YES;
				CLANG_WARN_OBJC_IMPLICIT_RETAIN_SELF = YES;
				CLANG_WARN_OBJC_LITERAL_CONVERSION = YES;
				CLANG_WARN_OBJC_ROOT_CLASS = YES_ERROR;
				CLANG_WARN_QUOTED_INCLUDE_IN_FRAMEWORK_HEADER = YES;
				CLANG_WARN_RANGE_LOOP_ANALYSIS = YES;
				CLANG_WARN_STRICT_PROTOTYPES = YES;
				CLANG_WARN_SUSPICIOUS_MOVE = YES;
				CLANG_WARN_UNGUARDED_AVAILABILITY = YES_AGGRESSIVE;
				CLANG_WARN_UNREACHABLE_CODE = YES;
				CLANG_WARN__DUPLICATE_METHOD_MATCH = YES;
				COPY_PHASE_STRIP = NO;
				DEBUG_INFORMATION_FORMAT = "dwarf-with-dsym";
				ENABLE_NS_ASSERTIONS = NO;
				ENABLE_STRICT_OBJC_MSGSEND = YES;
				GCC_C_LANGUAGE_STANDARD = gnu11;
				GCC_NO_COMMON_BLOCKS = YES;
				GCC_WARN_64_TO_32_BIT_CONVERSION = YES;
				GCC_WARN_ABOUT_RETURN_TYPE = YES_ERROR;
				GCC_WARN_UNDECLARED_SELECTOR = YES;
				GCC_WARN_UNINITIALIZED_AUTOS = YES_AGGRESSIVE;
				GCC_WARN_UNUSED_FUNCTION = YES;
				GCC_WARN_UNUSED_VARIABLE = YES;
				IPHONEOS_DEPLOYMENT_TARGET = 16.4;
				MTL_ENABLE_DEBUG_INFO = NO;
				MTL_FAST_MATH = YES;
				SDKROOT = iphoneos;
				SWIFT_COMPILATION_MODE = wholemodule;
				SWIFT_OPTIMIZATION_LEVEL = "-O";
				VALIDATE_PRODUCT = YES;
			};
			name = Release;
		};
		A7D096672B3F502400378E5F /* Debug */ = {
			isa = XCBuildConfiguration;
			buildSettings = {
				ASSETCATALOG_COMPILER_APPICON_NAME = AppIcon;
				ASSETCATALOG_COMPILER_GLOBAL_ACCENT_COLOR_NAME = AccentColor;
				CODE_SIGN_STYLE = Automatic;
				CURRENT_PROJECT_VERSION = 1;
				DEVELOPMENT_TEAM = F69WJ27LN4;
				GENERATE_INFOPLIST_FILE = YES;
				INFOPLIST_FILE = GymLeague/Info.plist;
				INFOPLIST_KEY_UIApplicationSupportsIndirectInputEvents = YES;
				INFOPLIST_KEY_UILaunchStoryboardName = LaunchScreen;
				INFOPLIST_KEY_UIMainStoryboardFile = Main;
				INFOPLIST_KEY_UISupportedInterfaceOrientations_iPad = "UIInterfaceOrientationPortrait UIInterfaceOrientationPortraitUpsideDown UIInterfaceOrientationLandscapeLeft UIInterfaceOrientationLandscapeRight";
				INFOPLIST_KEY_UISupportedInterfaceOrientations_iPhone = "UIInterfaceOrientationPortrait UIInterfaceOrientationLandscapeLeft UIInterfaceOrientationLandscapeRight";
				IPHONEOS_DEPLOYMENT_TARGET = 15.6;
				LD_RUNPATH_SEARCH_PATHS = (
					"$(inherited)",
					"@executable_path/Frameworks",
				);
				MARKETING_VERSION = 1.0;
				PRODUCT_BUNDLE_IDENTIFIER = SMU.GymLeague;
				PRODUCT_NAME = "$(TARGET_NAME)";
				SWIFT_EMIT_LOC_STRINGS = YES;
				SWIFT_VERSION = 5.0;
				TARGETED_DEVICE_FAMILY = "1,2";
			};
			name = Debug;
		};
		A7D096682B3F502400378E5F /* Release */ = {
			isa = XCBuildConfiguration;
			buildSettings = {
				ASSETCATALOG_COMPILER_APPICON_NAME = AppIcon;
				ASSETCATALOG_COMPILER_GLOBAL_ACCENT_COLOR_NAME = AccentColor;
				CODE_SIGN_STYLE = Automatic;
				CURRENT_PROJECT_VERSION = 1;
				DEVELOPMENT_TEAM = F69WJ27LN4;
				GENERATE_INFOPLIST_FILE = YES;
				INFOPLIST_FILE = GymLeague/Info.plist;
				INFOPLIST_KEY_UIApplicationSupportsIndirectInputEvents = YES;
				INFOPLIST_KEY_UILaunchStoryboardName = LaunchScreen;
				INFOPLIST_KEY_UIMainStoryboardFile = Main;
				INFOPLIST_KEY_UISupportedInterfaceOrientations_iPad = "UIInterfaceOrientationPortrait UIInterfaceOrientationPortraitUpsideDown UIInterfaceOrientationLandscapeLeft UIInterfaceOrientationLandscapeRight";
				INFOPLIST_KEY_UISupportedInterfaceOrientations_iPhone = "UIInterfaceOrientationPortrait UIInterfaceOrientationLandscapeLeft UIInterfaceOrientationLandscapeRight";
				IPHONEOS_DEPLOYMENT_TARGET = 15.6;
				LD_RUNPATH_SEARCH_PATHS = (
					"$(inherited)",
					"@executable_path/Frameworks",
				);
				MARKETING_VERSION = 1.0;
				PRODUCT_BUNDLE_IDENTIFIER = SMU.GymLeague;
				PRODUCT_NAME = "$(TARGET_NAME)";
				SWIFT_EMIT_LOC_STRINGS = YES;
				SWIFT_VERSION = 5.0;
				TARGETED_DEVICE_FAMILY = "1,2";
			};
			name = Release;
		};
		A7D0966A2B3F502400378E5F /* Debug */ = {
			isa = XCBuildConfiguration;
			buildSettings = {
				ALWAYS_EMBED_SWIFT_STANDARD_LIBRARIES = YES;
				BUNDLE_LOADER = "$(TEST_HOST)";
				CODE_SIGN_STYLE = Automatic;
				CURRENT_PROJECT_VERSION = 1;
				DEVELOPMENT_TEAM = F69WJ27LN4;
				GENERATE_INFOPLIST_FILE = YES;
				IPHONEOS_DEPLOYMENT_TARGET = 16.4;
				MARKETING_VERSION = 1.0;
				PRODUCT_BUNDLE_IDENTIFIER = SMU.GymLeagueTests;
				PRODUCT_NAME = "$(TARGET_NAME)";
				SWIFT_EMIT_LOC_STRINGS = NO;
				SWIFT_VERSION = 5.0;
				TARGETED_DEVICE_FAMILY = "1,2";
				TEST_HOST = "$(BUILT_PRODUCTS_DIR)/GymLeague.app/$(BUNDLE_EXECUTABLE_FOLDER_PATH)/GymLeague";
			};
			name = Debug;
		};
		A7D0966B2B3F502400378E5F /* Release */ = {
			isa = XCBuildConfiguration;
			buildSettings = {
				ALWAYS_EMBED_SWIFT_STANDARD_LIBRARIES = YES;
				BUNDLE_LOADER = "$(TEST_HOST)";
				CODE_SIGN_STYLE = Automatic;
				CURRENT_PROJECT_VERSION = 1;
				DEVELOPMENT_TEAM = F69WJ27LN4;
				GENERATE_INFOPLIST_FILE = YES;
				IPHONEOS_DEPLOYMENT_TARGET = 16.4;
				MARKETING_VERSION = 1.0;
				PRODUCT_BUNDLE_IDENTIFIER = SMU.GymLeagueTests;
				PRODUCT_NAME = "$(TARGET_NAME)";
				SWIFT_EMIT_LOC_STRINGS = NO;
				SWIFT_VERSION = 5.0;
				TARGETED_DEVICE_FAMILY = "1,2";
				TEST_HOST = "$(BUILT_PRODUCTS_DIR)/GymLeague.app/$(BUNDLE_EXECUTABLE_FOLDER_PATH)/GymLeague";
			};
			name = Release;
		};
		A7D0966D2B3F502400378E5F /* Debug */ = {
			isa = XCBuildConfiguration;
			buildSettings = {
				ALWAYS_EMBED_SWIFT_STANDARD_LIBRARIES = YES;
				CODE_SIGN_STYLE = Automatic;
				CURRENT_PROJECT_VERSION = 1;
				DEVELOPMENT_TEAM = F69WJ27LN4;
				GENERATE_INFOPLIST_FILE = YES;
				MARKETING_VERSION = 1.0;
				PRODUCT_BUNDLE_IDENTIFIER = SMU.GymLeagueUITests;
				PRODUCT_NAME = "$(TARGET_NAME)";
				SWIFT_EMIT_LOC_STRINGS = NO;
				SWIFT_VERSION = 5.0;
				TARGETED_DEVICE_FAMILY = "1,2";
				TEST_TARGET_NAME = GymLeague;
			};
			name = Debug;
		};
		A7D0966E2B3F502400378E5F /* Release */ = {
			isa = XCBuildConfiguration;
			buildSettings = {
				ALWAYS_EMBED_SWIFT_STANDARD_LIBRARIES = YES;
				CODE_SIGN_STYLE = Automatic;
				CURRENT_PROJECT_VERSION = 1;
				DEVELOPMENT_TEAM = F69WJ27LN4;
				GENERATE_INFOPLIST_FILE = YES;
				MARKETING_VERSION = 1.0;
				PRODUCT_BUNDLE_IDENTIFIER = SMU.GymLeagueUITests;
				PRODUCT_NAME = "$(TARGET_NAME)";
				SWIFT_EMIT_LOC_STRINGS = NO;
				SWIFT_VERSION = 5.0;
				TARGETED_DEVICE_FAMILY = "1,2";
				TEST_TARGET_NAME = GymLeague;
			};
			name = Release;
		};
/* End XCBuildConfiguration section */

/* Begin XCConfigurationList section */
		A7D096372B3F502300378E5F /* Build configuration list for PBXProject "GymLeague" */ = {
			isa = XCConfigurationList;
			buildConfigurations = (
				A7D096642B3F502400378E5F /* Debug */,
				A7D096652B3F502400378E5F /* Release */,
			);
			defaultConfigurationIsVisible = 0;
			defaultConfigurationName = Release;
		};
		A7D096662B3F502400378E5F /* Build configuration list for PBXNativeTarget "GymLeague" */ = {
			isa = XCConfigurationList;
			buildConfigurations = (
				A7D096672B3F502400378E5F /* Debug */,
				A7D096682B3F502400378E5F /* Release */,
			);
			defaultConfigurationIsVisible = 0;
			defaultConfigurationName = Release;
		};
		A7D096692B3F502400378E5F /* Build configuration list for PBXNativeTarget "GymLeagueTests" */ = {
			isa = XCConfigurationList;
			buildConfigurations = (
				A7D0966A2B3F502400378E5F /* Debug */,
				A7D0966B2B3F502400378E5F /* Release */,
			);
			defaultConfigurationIsVisible = 0;
			defaultConfigurationName = Release;
		};
		A7D0966C2B3F502400378E5F /* Build configuration list for PBXNativeTarget "GymLeagueUITests" */ = {
			isa = XCConfigurationList;
			buildConfigurations = (
				A7D0966D2B3F502400378E5F /* Debug */,
				A7D0966E2B3F502400378E5F /* Release */,
			);
			defaultConfigurationIsVisible = 0;
			defaultConfigurationName = Release;
		};
/* End XCConfigurationList section */

/* Begin XCRemoteSwiftPackageReference section */
		A71750D32B40FA5500BC5128 /* XCRemoteSwiftPackageReference "GoogleSignIn-iOS" */ = {
			isa = XCRemoteSwiftPackageReference;
			repositoryURL = "https://github.com/google/GoogleSignIn-iOS";
			requirement = {
				kind = upToNextMajorVersion;
				minimumVersion = 7.0.0;
			};
		};
		A71750E32B4229B300BC5128 /* XCRemoteSwiftPackageReference "firebase-ios-sdk" */ = {
			isa = XCRemoteSwiftPackageReference;
			repositoryURL = "https://github.com/firebase/firebase-ios-sdk";
			requirement = {
				kind = upToNextMajorVersion;
				minimumVersion = 10.0.0;
			};
		};
		A7D0966F2B3F7E5000378E5F /* XCRemoteSwiftPackageReference "ios-places-sdk" */ = {
			isa = XCRemoteSwiftPackageReference;
			repositoryURL = "https://github.com/googlemaps/ios-places-sdk";
			requirement = {
				kind = upToNextMajorVersion;
				minimumVersion = 8.0.0;
			};
		};
/* End XCRemoteSwiftPackageReference section */

/* Begin XCSwiftPackageProductDependency section */
		A71750D42B40FA5500BC5128 /* GoogleSignIn */ = {
			isa = XCSwiftPackageProductDependency;
			package = A71750D32B40FA5500BC5128 /* XCRemoteSwiftPackageReference "GoogleSignIn-iOS" */;
			productName = GoogleSignIn;
		};
		A71750D62B40FA5500BC5128 /* GoogleSignInSwift */ = {
			isa = XCSwiftPackageProductDependency;
			package = A71750D32B40FA5500BC5128 /* XCRemoteSwiftPackageReference "GoogleSignIn-iOS" */;
			productName = GoogleSignInSwift;
		};
		A71750E42B4229B300BC5128 /* FirebaseAnalytics */ = {
			isa = XCSwiftPackageProductDependency;
			package = A71750E32B4229B300BC5128 /* XCRemoteSwiftPackageReference "firebase-ios-sdk" */;
			productName = FirebaseAnalytics;
		};
		A71750E62B4229B300BC5128 /* FirebaseFirestore */ = {
			isa = XCSwiftPackageProductDependency;
			package = A71750E32B4229B300BC5128 /* XCRemoteSwiftPackageReference "firebase-ios-sdk" */;
			productName = FirebaseFirestore;
		};
		A7D096702B3F7E5000378E5F /* GooglePlaces */ = {
			isa = XCSwiftPackageProductDependency;
			package = A7D0966F2B3F7E5000378E5F /* XCRemoteSwiftPackageReference "ios-places-sdk" */;
			productName = GooglePlaces;
		};
/* End XCSwiftPackageProductDependency section */
	};
	rootObject = A7D096342B3F502300378E5F /* Project object */;
}
